github.com/Weinschenk/hello-world/b v0.0.0-20240910125915-e13b7045f350 h1:9OJs4dYKxo/w4hj7hN/m0HPbObW4RrqyBhtChzGhqq0=
github.com/Weinschenk/hello-world/b v0.0.0-20240910125915-e13b7045f350/go.mod h1:OqqXnMns2Vi1+f+TO1IBGj0OdF0x2+wzT4SEI/jVDQo=
github.com/Weinschenk/hello-world/b v0.1.1 h1:yVnzkNeNiKaeJZ/oDavX5l0KXTdosZjWiLVWzE89UG0=
github.com/Weinschenk/hello-world/b v0.1.1/go.mod h1:OqqXnMns2Vi1+f+TO1IBGj0OdF0x2+wzT4SEI/jVDQo=
